# BYS360 requirements.lock
# Regenerated 2026-08-25 by the coordinator directly against the REAL requirements.txt
# at HEAD ec4e56bd9bab2ce59e9543fc647f55dffd37d94b (repo root), via a real pip resolution:
#   pip install -r requirements.txt --dry-run --ignore-installed --report report.json \
#     --python-version 3.12 --platform win_amd64 --implementation cp --abi cp312 --only-binary=:all:
# Target: CPython 3.12, Windows x64, wheels only (no sdist, no local compiler ever required).
#
# 59 total packages resolved (24 direct from requirements.txt + 35 transitive).
#
# Format: pip's native hash-checking requirements syntax (PEP 508 name==version + --hash=sha256:<digest>).
# This is a full, flat lock of the ENTIRE resolved graph -- direct pins from requirements.txt AND
# every transitive dependency pip actually resolved for them. Every line is independently pinned
# and hash-verified; there is no separate 'direct' vs 'transitive' file because pip's hash-checking
# install mode (--require-hashes) requires ALL requirements in play to be hash-pinned, not just the
# top-level ones, or it refuses to run (see https://pip.pypa.io/en/stable/topics/secure-installs/).
#
# Consume with either:
#   pip install --no-index --find-links build/wheelhouse -r requirements.lock  (wheelhouse, offline)
#   pip install --require-hashes -r requirements.lock                          (online, hash-checked)
#
# Regenerate with: pip install -r requirements.txt --dry-run --ignore-installed --report <path> \
#   --python-version 3.12 --platform win_amd64 --implementation cp --abi cp312 --only-binary=:all:
# then run scripts/release/build_bys360_wheelhouse.py against the result.
#
# DO NOT hand-edit -- regenerate from requirements.txt.
#
# Direct dependencies (pinned in requirements.txt):
#   cryptography==50.0.0
#   email_validator==2.2.0
#   Flask==3.1.3
#   Flask-Limiter==3.5.0
#   Flask-Login==0.6.3
#   Flask-Migrate==4.0.7
#   Flask-SQLAlchemy==3.1.1
#   Flask-WTF==1.2.1
#   gevent==24.11.1
#   gunicorn==25.3.0
#   openpyxl==3.1.5
#   pandas==2.2.3
#   pillow==12.3.0
#   prometheus_client==0.20.0
#   psycopg2-binary==2.9.9
#   python-dotenv==1.2.2
#   redis==5.0.8
#   reportlab==4.4.10
#   rq==2.3.3
#   sentry-sdk==2.20.0
#   SQLAlchemy==2.0.36
#   waitress==3.0.1
#   WTForms==3.1.2
#   XlsxWriter==3.2.0

alembic==1.19.1 \
    --hash=sha256:b39018cb3d9413a19cbd54cf3c02ad33998641f0538eb77413a488a21c3e14be
blinker==1.9.0 \
    --hash=sha256:ba0efaa9080b619ff2f3459d1d500c57bddea4a6b424b60a91141db6fd2f08bc
certifi==2026.7.22 \
    --hash=sha256:62f22742b58a1a33014a2b6b706588a8d7e2a88ae7bd1a6ebe8c992928483775
cffi==2.1.1 \
    --hash=sha256:f53e442b08449d42821fa4a4fba000095af9f62742a500f978a9f557ec44339a
charset-normalizer==3.5.1 \
    --hash=sha256:3617ac3cfd8b9888f145ad89dd6e692285834b0201c6074a5eeaad3fd4d668c2
click==8.4.2 \
    --hash=sha256:e6f9f66136c816745b9d65817da91d61d957fb16e02e4dcd0552553c5a197b76
colorama==0.4.6 \
    --hash=sha256:4f1d9991f5acc0ca119f9d443620b77f9d6b33703e51011c16baf57afb285fc6
cryptography==50.0.0 \
    --hash=sha256:bd1c592e4d5974f0d08d4888e432157adba757c66da0246918e43677fafa2d30
Deprecated==1.3.1 \
    --hash=sha256:597bfef186b6f60181535a29fbe44865ce137a5079f295b479886c82729d5f3f
dnspython==2.8.0 \
    --hash=sha256:01d9bbc4a2d76bf0db7c1f729812ded6d912bd318d3b1cf81d30c0f845dbf3af
email_validator==2.2.0 \
    --hash=sha256:561977c2d73ce3611850a06fa56b414621e0c8faa9d66f2611407d87465da631
et_xmlfile==2.0.0 \
    --hash=sha256:7a91720bc756843502c3b7504c77b8fe44217c85c537d85037f0f536151b2caa
Flask==3.1.3 \
    --hash=sha256:f4bcbefc124291925f1a26446da31a5178f9483862233b23c0c96a20701f670c
Flask-Limiter==3.5.0 \
    --hash=sha256:dbda4174f44e6cb858c6eb75e7488186f2977dd5d33d7028ba1aabf179de1bee
Flask-Login==0.6.3 \
    --hash=sha256:849b25b82a436bf830a054e74214074af59097171562ab10bfa999e6b78aae5d
Flask-Migrate==4.0.7 \
    --hash=sha256:5c532be17e7b43a223b7500d620edae33795df27c75811ddf32560f7d48ec617
Flask-SQLAlchemy==3.1.1 \
    --hash=sha256:4ba4be7f419dc72f4efd8802d69974803c37259dd42f3913b0dcf75c9447e0a0
Flask-WTF==1.2.1 \
    --hash=sha256:fa6793f2fb7e812e0fe9743b282118e581fb1b6c45d414b8af05e659bd653287
gevent==24.11.1 \
    --hash=sha256:68bee86b6e1c041a187347ef84cf03a792f0b6c7238378bf6ba4118af11feaae
greenlet==3.5.5 \
    --hash=sha256:49ddacd36af37735fab103846f4ee4d18a492dde72730d1699c0c8ebe30d9f18
gunicorn==25.3.0 \
    --hash=sha256:cacea387dab08cd6776501621c295a904fe8e3b7aae9a1a3cbb26f4e7ed54660
idna==3.19 \
    --hash=sha256:815e7be7a7806d54abb586dc943addc79e8b2ee16915059658cbeff4b1b43bf4
itsdangerous==2.2.0 \
    --hash=sha256:c6242fc49e35958c8b15141343aa660db5fc54d4f13a1db01a3f5891b98700ef
Jinja2==3.1.6 \
    --hash=sha256:85ece4451f492d0c13c5dd7c13a64681a86afae63a5f347908daf103ce6d2f67
limits==5.8.0 \
    --hash=sha256:ae1b008a43eb43073c3c579398bd4eb4c795de60952532dc24720ab45e1ac6b8
Mako==1.4.1 \
    --hash=sha256:a359d9a94a541213958742b2698d0a7757bb83551767bc468a74b9905aba9617
markdown-it-py==4.2.0 \
    --hash=sha256:9f7ebbcd14fe59494226453aed97c1070d83f8d24b6fc3a3bcf9a38092641c4a
MarkupSafe==3.0.3 \
    --hash=sha256:26a5784ded40c9e318cfc2bdb30fe164bdb8665ded9cd64d500a34fb42067b1c
mdurl==0.1.2 \
    --hash=sha256:84008a41e51615a49fc9966191ff91509e3c40b939176e643fd50a5c2196b8f8
numpy==2.5.2 \
    --hash=sha256:28ac63476ec7651484215ee7fa15a1f78b57c14621f01e392afe17b9a1390ce4
openpyxl==3.1.5 \
    --hash=sha256:5282c12b107bffeef825f4617dc029afaf41d0ea60823bbb665ef3079dc79de2
ordered-set==4.1.0 \
    --hash=sha256:046e1132c71fcf3330438a539928932caf51ddbc582496833e23de611de14562
packaging==26.3 \
    --hash=sha256:d7193f7c8e4e93f444fde0262bf90af30e16fa0ad0ad44cb553c87339b23cd1c
pandas==2.2.3 \
    --hash=sha256:59ef3764d0fe818125a5097d2ae867ca3fa64df032331b7e0917cf5d7bf66b13
pillow==12.3.0 \
    --hash=sha256:a2b55dd6b2a4c4b7d87ffa56bdb33fdc5fdb9a462173861a7bc097f17d91cb09
prometheus_client==0.20.0 \
    --hash=sha256:cde524a85bce83ca359cc837f28b8c0db5cac7aa653a588fd7e84ba061c329e7
psycopg2-binary==2.9.9 \
    --hash=sha256:81ff62668af011f9a48787564ab7eded4e9fb17a4a6a74af5ffa6a457400d2ab
pycparser==3.0 \
    --hash=sha256:b727414169a36b7d524c1c3e31839a521725078d7b2ff038656844266160a992
Pygments==2.21.0 \
    --hash=sha256:2363c69b61c4a97c838da3b130dcd6468f4848992b21a82f2a63ec34377137d9
python-dateutil==2.9.0.post0 \
    --hash=sha256:a8b2bc7bffae282281c8140a97d3aa9c14da0b136dfe83f850eea9a5f7470427
python-dotenv==1.2.2 \
    --hash=sha256:1d8214789a24de455a8b8bd8ae6fe3c6b69a5e3d64aa8a8e5d68e694bbcb285a
pytz==2026.3.post1 \
    --hash=sha256:dd95840dd199baea12d9cc096a1d452caa6596a1c1e4b5f3dbd1541855d5e815
redis==5.0.8 \
    --hash=sha256:56134ee08ea909106090934adc36f65c9bcbbaecea5b21ba704ba6fb561f8eb4
reportlab==4.4.10 \
    --hash=sha256:5abc815746ae2bc44e7ff25db96814f921349ca814c992c7eac3c26029bf7c24
rich==13.9.4 \
    --hash=sha256:6049d5e6ec054bf2779ab3358186963bac2ea89175919d699e378b99738c2a90
rq==2.3.3 \
    --hash=sha256:2202c4409c4c527ac4bee409867d6c02515dd110030499eb0de54c7374aee0ce
sentry-sdk==2.20.0 \
    --hash=sha256:c359a1edf950eb5e80cffd7d9111f3dbeef57994cb4415df37d39fda2cf22364
six==1.17.0 \
    --hash=sha256:4721f391ed90541fddacab5acf947aa0d3dc7d27b2e1e8eda2be8970586c3274
SQLAlchemy==2.0.36 \
    --hash=sha256:b544ad1935a8541d177cb402948b94e871067656b3a0b9e91dbec136b06a2ff5
typing_extensions==4.16.0 \
    --hash=sha256:481caa481374e813c1b176ada14e97f1f67a4539ce9cfeb3f350d78d6370c2e8
tzdata==2026.3 \
    --hash=sha256:dc096730c87af6cab1b171c9d532be840741ff5d459015e7f6947bd7d7e54931
urllib3==2.7.0 \
    --hash=sha256:9fb4c81ebbb1ce9531cce37674bbc6f1360472bc18ca9a553ede278ef7276897
waitress==3.0.1 \
    --hash=sha256:26cdbc593093a15119351690752c99adc13cbc6786d75f7b6341d1234a3730ac
Werkzeug==3.1.8 \
    --hash=sha256:63a77fb8892bf28ebc3178683445222aa500e48ebad5ec77b0ad80f8726b1f50
wrapt==2.3.0 \
    --hash=sha256:cdc021cb0b62471d6aac7f2bd92f3b4658073775f9ee7fcd325c511129e7bcc8
WTForms==3.1.2 \
    --hash=sha256:bf831c042829c8cdbad74c27575098d541d039b1faa74c771545ecac916f2c07
XlsxWriter==3.2.0 \
    --hash=sha256:ecfd5405b3e0e228219bcaf24c2ca0915e012ca9464a14048021d21a995d490e
zope.event==6.2 \
    --hash=sha256:5e755153ac4faf64c10a4b6dd3307680166a3edf65b38df22df592610f8fa874
zope.interface==8.6 \
    --hash=sha256:64ed939d725876071823505b1c90074a86847a6e9be8617cec7ba759e0b86a7e
